
Microsoft Visual Studio Solution File, Format Version 12.00
# Visual Studio Version 17
VisualStudioVersion = 17.11.35208.52
MinimumVisualStudioVersion = 10.0.40219.1
Project("{FAE04EC0-301F-11D3-BF4B-00C04F79EFBC}") = "UI", "GestionDeInventario\UI.csproj", "{15092BBC-4936-4CD8-94C4-7377C46D2EDA}"
EndProject
Project("{FAE04EC0-301F-11D3-BF4B-00C04F79EFBC}") = "DAL", "DAL\DAL.csproj", "{704EC361-DDA1-42BD-8326-29E4A0E788A9}"
EndProject
Project("{FAE04EC0-301F-11D3-BF4B-00C04F79EFBC}") = "BLL", "BLL\BLL.csproj", "{01F03476-06C5-40A5-9CD3-71AC5BF9ABFA}"
EndProject
Project("{FAE04EC0-301F-11D3-BF4B-00C04F79EFBC}") = "BE", "BE\BE.csproj", "{37C09B6F-73E8-4D39-906B-AD45C7CA89C5}"
EndProject
Project("{FAE04EC0-301F-11D3-BF4B-00C04F79EFBC}") = "SERVICIOS", "SERVICIOS\SERVICIOS.csproj", "{F44CE5AE-83C3-417F-9217-227339E490DD}"
EndProject
Global
	GlobalSection(SolutionConfigurationPlatforms) = preSolution
		Debug|Any CPU = Debug|Any CPU
		Release|Any CPU = Release|Any CPU
	EndGlobalSection
	GlobalSection(ProjectConfigurationPlatforms) = postSolution
		{15092BBC-4936-4CD8-94C4-7377C46D2EDA}.Debug|Any CPU.ActiveCfg = Debug|Any CPU
		{15092BBC-4936-4CD8-94C4-7377C46D2EDA}.Debug|Any CPU.Build.0 = Debug|Any CPU
		{15092BBC-4936-4CD8-94C4-7377C46D2EDA}.Release|Any CPU.ActiveCfg = Release|Any CPU
		{15092BBC-4936-4CD8-94C4-7377C46D2EDA}.Release|Any CPU.Build.0 = Release|Any CPU
		{704EC361-DDA1-42BD-8326-29E4A0E788A9}.Debug|Any CPU.ActiveCfg = Debug|Any CPU
		{704EC361-DDA1-42BD-8326-29E4A0E788A9}.Debug|Any CPU.Build.0 = Debug|Any CPU
		{704EC361-DDA1-42BD-8326-29E4A0E788A9}.Release|Any CPU.ActiveCfg = Release|Any CPU
		{704EC361-DDA1-42BD-8326-29E4A0E788A9}.Release|Any CPU.Build.0 = Release|Any CPU
		{01F03476-06C5-40A5-9CD3-71AC5BF9ABFA}.Debug|Any CPU.ActiveCfg = Debug|Any CPU
		{01F03476-06C5-40A5-9CD3-71AC5BF9ABFA}.Debug|Any CPU.Build.0 = Debug|Any CPU
		{01F03476-06C5-40A5-9CD3-71AC5BF9ABFA}.Release|Any CPU.ActiveCfg = Release|Any CPU
		{01F03476-06C5-40A5-9CD3-71AC5BF9ABFA}.Release|Any CPU.Build.0 = Release|Any CPU
		{37C09B6F-73E8-4D39-906B-AD45C7CA89C5}.Debug|Any CPU.ActiveCfg = Debug|Any CPU
		{37C09B6F-73E8-4D39-906B-AD45C7CA89C5}.Debug|Any CPU.Build.0 = Debug|Any CPU
		{37C09B6F-73E8-4D39-906B-AD45C7CA89C5}.Release|Any CPU.ActiveCfg = Release|Any CPU
		{37C09B6F-73E8-4D39-906B-AD45C7CA89C5}.Release|Any CPU.Build.0 = Release|Any CPU
		{F44CE5AE-83C3-417F-9217-227339E490DD}.Debug|Any CPU.ActiveCfg = Debug|Any CPU
		{F44CE5AE-83C3-417F-9217-227339E490DD}.Debug|Any CPU.Build.0 = Debug|Any CPU
		{F44CE5AE-83C3-417F-9217-227339E490DD}.Release|Any CPU.ActiveCfg = Release|Any CPU
		{F44CE5AE-83C3-417F-9217-227339E490DD}.Release|Any CPU.Build.0 = Release|Any CPU
	EndGlobalSection
	GlobalSection(SolutionProperties) = preSolution
		HideSolutionNode = FALSE
	EndGlobalSection
	GlobalSection(ExtensibilityGlobals) = postSolution
		SolutionGuid = {D222C72F-E968-4CA5-AE9C-1C0278B8FDAC}
	EndGlobalSection
EndGlobal
